
Microsoft Visual Studio Solution File, Format Version 12.00
Project("{FAE04EC0-301F-11D3-BF4B-00C04F79EFBC}") = "Jwt", "Jwt\Jwt.csproj", "{846F6F11-0920-4FF2-981D-D6BB0D6C155D}"
EndProject
Global
	GlobalSection(SolutionConfigurationPlatforms) = preSolution
		Debug|Any CPU = Debug|Any CPU
		Release|Any CPU = Release|Any CPU
	EndGlobalSection
	GlobalSection(ProjectConfigurationPlatforms) = postSolution
		{846F6F11-0920-4FF2-981D-D6BB0D6C155D}.Debug|Any CPU.ActiveCfg = Debug|Any CPU
		{846F6F11-0920-4FF2-981D-D6BB0D6C155D}.Debug|Any CPU.Build.0 = Debug|Any CPU
		{846F6F11-0920-4FF2-981D-D6BB0D6C155D}.Release|Any CPU.ActiveCfg = Release|Any CPU
		{846F6F11-0920-4FF2-981D-D6BB0D6C155D}.Release|Any CPU.Build.0 = Release|Any CPU
	EndGlobalSection
EndGlobal
