
Microsoft Visual Studio Solution File, Format Version 12.00
# Visual Studio Version 17
VisualStudioVersion = 17.13.35931.197 d17.13
MinimumVisualStudioVersion = 10.0.40219.1
Project("{FAE04EC0-301F-11D3-BF4B-00C04F79EFBC}") = "HardProblem", "HardProblem\HardProblem.csproj", "{659B67C0-4AE4-4C8E-82C1-71707DDA5E64}"
EndProject
Global
	GlobalSection(SolutionConfigurationPlatforms) = preSolution
		Debug|Any CPU = Debug|Any CPU
		Release|Any CPU = Release|Any CPU
	EndGlobalSection
	GlobalSection(ProjectConfigurationPlatforms) = postSolution
		{659B67C0-4AE4-4C8E-82C1-71707DDA5E64}.Debug|Any CPU.ActiveCfg = Debug|Any CPU
		{659B67C0-4AE4-4C8E-82C1-71707DDA5E64}.Debug|Any CPU.Build.0 = Debug|Any CPU
		{659B67C0-4AE4-4C8E-82C1-71707DDA5E64}.Release|Any CPU.ActiveCfg = Release|Any CPU
		{659B67C0-4AE4-4C8E-82C1-71707DDA5E64}.Release|Any CPU.Build.0 = Release|Any CPU
	EndGlobalSection
	GlobalSection(SolutionProperties) = preSolution
		HideSolutionNode = FALSE
	EndGlobalSection
	GlobalSection(ExtensibilityGlobals) = postSolution
		SolutionGuid = {00F0EB81-FB5C-4572-A733-67563D6F81C0}
	EndGlobalSection
EndGlobal
