
Microsoft Visual Studio Solution File, Format Version 12.00
# Visual Studio Version 17
VisualStudioVersion = 17.13.35931.197 d17.13
MinimumVisualStudioVersion = 10.0.40219.1
Project("{FAE04EC0-301F-11D3-BF4B-00C04F79EFBC}") = "MediumTwo", "MediumTwo\MediumTwo.csproj", "{A25298B8-9FC6-4C3F-97A6-CABA261F3F21}"
EndProject
Global
	GlobalSection(SolutionConfigurationPlatforms) = preSolution
		Debug|Any CPU = Debug|Any CPU
		Release|Any CPU = Release|Any CPU
	EndGlobalSection
	GlobalSection(ProjectConfigurationPlatforms) = postSolution
		{A25298B8-9FC6-4C3F-97A6-CABA261F3F21}.Debug|Any CPU.ActiveCfg = Debug|Any CPU
		{A25298B8-9FC6-4C3F-97A6-CABA261F3F21}.Debug|Any CPU.Build.0 = Debug|Any CPU
		{A25298B8-9FC6-4C3F-97A6-CABA261F3F21}.Release|Any CPU.ActiveCfg = Release|Any CPU
		{A25298B8-9FC6-4C3F-97A6-CABA261F3F21}.Release|Any CPU.Build.0 = Release|Any CPU
	EndGlobalSection
	GlobalSection(SolutionProperties) = preSolution
		HideSolutionNode = FALSE
	EndGlobalSection
	GlobalSection(ExtensibilityGlobals) = postSolution
		SolutionGuid = {695F647C-D202-4D24-8309-E16A4C3E55EC}
	EndGlobalSection
EndGlobal
