
Microsoft Visual Studio Solution File, Format Version 12.00
Project("{FAE04EC0-301F-11D3-BF4B-00C04F79EFBC}") = "AzureUserDev", "AzureUserDev\AzureUserDev.csproj", "{EA87DA09-5D3B-484B-9B7F-4857FC8349E3}"
EndProject
Global
	GlobalSection(SolutionConfigurationPlatforms) = preSolution
		Debug|Any CPU = Debug|Any CPU
		Release|Any CPU = Release|Any CPU
	EndGlobalSection
	GlobalSection(ProjectConfigurationPlatforms) = postSolution
		{EA87DA09-5D3B-484B-9B7F-4857FC8349E3}.Debug|Any CPU.ActiveCfg = Debug|Any CPU
		{EA87DA09-5D3B-484B-9B7F-4857FC8349E3}.Debug|Any CPU.Build.0 = Debug|Any CPU
		{EA87DA09-5D3B-484B-9B7F-4857FC8349E3}.Release|Any CPU.ActiveCfg = Release|Any CPU
		{EA87DA09-5D3B-484B-9B7F-4857FC8349E3}.Release|Any CPU.Build.0 = Release|Any CPU
	EndGlobalSection
EndGlobal
