
Microsoft Visual Studio Solution File, Format Version 12.00
# Visual Studio Version 17
VisualStudioVersion = 17.13.35931.197 d17.13
MinimumVisualStudioVersion = 10.0.40219.1
Project("{FAE04EC0-301F-11D3-BF4B-00C04F79EFBC}") = "Employee", "Employee\Employee.csproj", "{CE97B4C5-A9E6-45E8-A5D0-8F5E1C034DCB}"
EndProject
Global
	GlobalSection(SolutionConfigurationPlatforms) = preSolution
		Debug|Any CPU = Debug|Any CPU
		Release|Any CPU = Release|Any CPU
	EndGlobalSection
	GlobalSection(ProjectConfigurationPlatforms) = postSolution
		{CE97B4C5-A9E6-45E8-A5D0-8F5E1C034DCB}.Debug|Any CPU.ActiveCfg = Debug|Any CPU
		{CE97B4C5-A9E6-45E8-A5D0-8F5E1C034DCB}.Debug|Any CPU.Build.0 = Debug|Any CPU
		{CE97B4C5-A9E6-45E8-A5D0-8F5E1C034DCB}.Release|Any CPU.ActiveCfg = Release|Any CPU
		{CE97B4C5-A9E6-45E8-A5D0-8F5E1C034DCB}.Release|Any CPU.Build.0 = Release|Any CPU
	EndGlobalSection
	GlobalSection(SolutionProperties) = preSolution
		HideSolutionNode = FALSE
	EndGlobalSection
	GlobalSection(ExtensibilityGlobals) = postSolution
		SolutionGuid = {4DE410E3-DEAB-4127-8478-8469F288C31C}
	EndGlobalSection
EndGlobal
