
Microsoft Visual Studio Solution File, Format Version 12.00
# Visual Studio Version 17
VisualStudioVersion = 17.11.35222.181
MinimumVisualStudioVersion = 10.0.40219.1
Project("{FAE04EC0-301F-11D3-BF4B-00C04F79EFBC}") = "WholeApplication", "WholeApplication.csproj", "{B8BDBCC1-F399-4B83-8197-29D854F76C19}"
EndProject
Global
	GlobalSection(SolutionConfigurationPlatforms) = preSolution
		Debug|Any CPU = Debug|Any CPU
		Release|Any CPU = Release|Any CPU
	EndGlobalSection
	GlobalSection(ProjectConfigurationPlatforms) = postSolution
		{B8BDBCC1-F399-4B83-8197-29D854F76C19}.Debug|Any CPU.ActiveCfg = Debug|Any CPU
		{B8BDBCC1-F399-4B83-8197-29D854F76C19}.Debug|Any CPU.Build.0 = Debug|Any CPU
		{B8BDBCC1-F399-4B83-8197-29D854F76C19}.Release|Any CPU.ActiveCfg = Release|Any CPU
		{B8BDBCC1-F399-4B83-8197-29D854F76C19}.Release|Any CPU.Build.0 = Release|Any CPU
	EndGlobalSection
	GlobalSection(SolutionProperties) = preSolution
		HideSolutionNode = FALSE
	EndGlobalSection
	GlobalSection(ExtensibilityGlobals) = postSolution
		SolutionGuid = {393AF724-F502-4D01-BB5F-94237845D6DE}
	EndGlobalSection
EndGlobal
