
Microsoft Visual Studio Solution File, Format Version 12.00
# Visual Studio Version 17
VisualStudioVersion = 17.13.35931.197 d17.13
MinimumVisualStudioVersion = 10.0.40219.1
Project("{FAE04EC0-301F-11D3-BF4B-00C04F79EFBC}") = "ArraysandLooping", "ArraysandLooping\ArraysandLooping.csproj", "{491F456E-C62B-4D58-A308-7622D06B41ED}"
EndProject
Global
	GlobalSection(SolutionConfigurationPlatforms) = preSolution
		Debug|Any CPU = Debug|Any CPU
		Release|Any CPU = Release|Any CPU
	EndGlobalSection
	GlobalSection(ProjectConfigurationPlatforms) = postSolution
		{491F456E-C62B-4D58-A308-7622D06B41ED}.Debug|Any CPU.ActiveCfg = Debug|Any CPU
		{491F456E-C62B-4D58-A308-7622D06B41ED}.Debug|Any CPU.Build.0 = Debug|Any CPU
		{491F456E-C62B-4D58-A308-7622D06B41ED}.Release|Any CPU.ActiveCfg = Release|Any CPU
		{491F456E-C62B-4D58-A308-7622D06B41ED}.Release|Any CPU.Build.0 = Release|Any CPU
	EndGlobalSection
	GlobalSection(SolutionProperties) = preSolution
		HideSolutionNode = FALSE
	EndGlobalSection
	GlobalSection(ExtensibilityGlobals) = postSolution
		SolutionGuid = {A5F181DC-F756-4C1A-925B-D1F885C7E0F0}
	EndGlobalSection
EndGlobal
