
Microsoft Visual Studio Solution File, Format Version 12.00
Project("{FAE04EC0-301F-11D3-BF4B-00C04F79EFBC}") = "BankingApp", "BankingApp\BankingApp.csproj", "{42067E20-1208-49DA-B264-F1264AB6222F}"
EndProject
Global
	GlobalSection(SolutionConfigurationPlatforms) = preSolution
		Debug|Any CPU = Debug|Any CPU
		Release|Any CPU = Release|Any CPU
	EndGlobalSection
	GlobalSection(ProjectConfigurationPlatforms) = postSolution
		{42067E20-1208-49DA-B264-F1264AB6222F}.Debug|Any CPU.ActiveCfg = Debug|Any CPU
		{42067E20-1208-49DA-B264-F1264AB6222F}.Debug|Any CPU.Build.0 = Debug|Any CPU
		{42067E20-1208-49DA-B264-F1264AB6222F}.Release|Any CPU.ActiveCfg = Release|Any CPU
		{42067E20-1208-49DA-B264-F1264AB6222F}.Release|Any CPU.Build.0 = Release|Any CPU
	EndGlobalSection
EndGlobal
