
Microsoft Visual Studio Solution File, Format Version 12.00
# Visual Studio Version 17
VisualStudioVersion = 17.13.35931.197 d17.13
MinimumVisualStudioVersion = 10.0.40219.1
Project("{FAE04EC0-301F-11D3-BF4B-00C04F79EFBC}") = "OpenClosePrinciple", "OpenClosePrinciple\OpenClosePrinciple.csproj", "{184AAC26-C22A-4E66-B333-76E200DB994A}"
EndProject
Global
	GlobalSection(SolutionConfigurationPlatforms) = preSolution
		Debug|Any CPU = Debug|Any CPU
		Release|Any CPU = Release|Any CPU
	EndGlobalSection
	GlobalSection(ProjectConfigurationPlatforms) = postSolution
		{184AAC26-C22A-4E66-B333-76E200DB994A}.Debug|Any CPU.ActiveCfg = Debug|Any CPU
		{184AAC26-C22A-4E66-B333-76E200DB994A}.Debug|Any CPU.Build.0 = Debug|Any CPU
		{184AAC26-C22A-4E66-B333-76E200DB994A}.Release|Any CPU.ActiveCfg = Release|Any CPU
		{184AAC26-C22A-4E66-B333-76E200DB994A}.Release|Any CPU.Build.0 = Release|Any CPU
	EndGlobalSection
	GlobalSection(SolutionProperties) = preSolution
		HideSolutionNode = FALSE
	EndGlobalSection
	GlobalSection(ExtensibilityGlobals) = postSolution
		SolutionGuid = {37FF3457-8B05-4DDD-8A24-44AB982C11AE}
	EndGlobalSection
EndGlobal
