
Microsoft Visual Studio Solution File, Format Version 12.00
Project("{FAE04EC0-301F-11D3-BF4B-00C04F79EFBC}") = "MyApiApp", "MyApiApp\MyApiApp.csproj", "{D170D422-8C6E-4C83-9051-78C8F7F7EE5B}"
EndProject
Global
	GlobalSection(SolutionConfigurationPlatforms) = preSolution
		Debug|Any CPU = Debug|Any CPU
		Release|Any CPU = Release|Any CPU
	EndGlobalSection
	GlobalSection(ProjectConfigurationPlatforms) = postSolution
		{D170D422-8C6E-4C83-9051-78C8F7F7EE5B}.Debug|Any CPU.ActiveCfg = Debug|Any CPU
		{D170D422-8C6E-4C83-9051-78C8F7F7EE5B}.Debug|Any CPU.Build.0 = Debug|Any CPU
		{D170D422-8C6E-4C83-9051-78C8F7F7EE5B}.Release|Any CPU.ActiveCfg = Release|Any CPU
		{D170D422-8C6E-4C83-9051-78C8F7F7EE5B}.Release|Any CPU.Build.0 = Release|Any CPU
	EndGlobalSection
EndGlobal
